// !$*UTF8*$!
{
	archiveVersion = 1;
	classes = {
	};
	objectVersion = 46;
	objects = {

/* Begin PBXBuildFile section */
		A2B2B8941F26055C00DC08F5 /* AppDelegate.swift in Sources */ = {isa = PBXBuildFile; fileRef = A2B2B8931F26055C00DC08F5 /* AppDelegate.swift */; };
		A2B2B8961F26055C00DC08F5 /* ViewController.swift in Sources */ = {isa = PBXBuildFile; fileRef = A2B2B8951F26055C00DC08F5 /* ViewController.swift */; };
		A2B2B8991F26055C00DC08F5 /* Main.storyboard in Resources */ = {isa = PBXBuildFile; fileRef = A2B2B8971F26055C00DC08F5 /* Main.storyboard */; };
		A2B2B89B1F26055C00DC08F5 /* Assets.xcassets in Resources */ = {isa = PBXBuildFile; fileRef = A2B2B89A1F26055C00DC08F5 /* Assets.xcassets */; };
		A2B2B89E1F26055D00DC08F5 /* LaunchScreen.storyboard in Resources */ = {isa = PBXBuildFile; fileRef = A2B2B89C1F26055D00DC08F5 /* LaunchScreen.storyboard */; };
		A2B2B8A91F26055D00DC08F5 /* PushRemoteNotificationTests.swift in Sources */ = {isa = PBXBuildFile; fileRef = A2B2B8A81F26055D00DC08F5 /* PushRemoteNotificationTests.swift */; };
		A2B2B8B41F26055D00DC08F5 /* PushRemoteNotificationUITests.swift in Sources */ = {isa = PBXBuildFile; fileRef = A2B2B8B31F26055D00DC08F5 /* PushRemoteNotificationUITests.swift */; };
/* End PBXBuildFile section */

/* Begin PBXContainerItemProxy section */
		A2B2B8A51F26055D00DC08F5 /* PBXContainerItemProxy */ = {
			isa = PBXContainerItemProxy;
			containerPortal = A2B2B8881F26055C00DC08F5 /* Project object */;
			proxyType = 1;
			remoteGlobalIDString = A2B2B88F1F26055C00DC08F5;
			remoteInfo = PushRemoteNotification;
		};
		A2B2B8B01F26055D00DC08F5 /* PBXContainerItemProxy */ = {
			isa = PBXContainerItemProxy;
			containerPortal = A2B2B8881F26055C00DC08F5 /* Project object */;
			proxyType = 1;
			remoteGlobalIDString = A2B2B88F1F26055C00DC08F5;
			remoteInfo = PushRemoteNotification;
		};
/* End PBXContainerItemProxy section */

/* Begin PBXFileReference section */
		A2B2B8901F26055C00DC08F5 /* PushRemoteNotification.app */ = {isa = PBXFileReference; explicitFileType = wrapper.application; includeInIndex = 0; path = PushRemoteNotification.app; sourceTree = BUILT_PRODUCTS_DIR; };
		A2B2B8931F26055C00DC08F5 /* AppDelegate.swift */ = {isa = PBXFileReference; lastKnownFileType = sourcecode.swift; path = AppDelegate.swift; sourceTree = "<group>"; };
		A2B2B8951F26055C00DC08F5 /* ViewController.swift */ = {isa = PBXFileReference; lastKnownFileType = sourcecode.swift; path = ViewController.swift; sourceTree = "<group>"; };
		A2B2B8981F26055C00DC08F5 /* Base */ = {isa = PBXFileReference; lastKnownFileType = file.storyboard; name = Base; path = Base.lproj/Main.storyboard; sourceTree = "<group>"; };
		A2B2B89A1F26055C00DC08F5 /* Assets.xcassets */ = {isa = PBXFileReference; lastKnownFileType = folder.assetcatalog; path = Assets.xcassets; sourceTree = "<group>"; };
		A2B2B89D1F26055D00DC08F5 /* Base */ = {isa = PBXFileReference; lastKnownFileType = file.storyboard; name = Base; path = Base.lproj/LaunchScreen.storyboard; sourceTree = "<group>"; };
		A2B2B89F1F26055D00DC08F5 /* Info.plist */ = {isa = PBXFileReference; lastKnownFileType = text.plist.xml; path = Info.plist; sourceTree = "<group>"; };
		A2B2B8A41F26055D00DC08F5 /* PushRemoteNotificationTests.xctest */ = {isa = PBXFileReference; explicitFileType = wrapper.cfbundle; includeInIndex = 0; path = PushRemoteNotificationTests.xctest; sourceTree = BUILT_PRODUCTS_DIR; };
		A2B2B8A81F26055D00DC08F5 /* PushRemoteNotificationTests.swift */ = {isa = PBXFileReference; lastKnownFileType = sourcecode.swift; path = PushRemoteNotificationTests.swift; sourceTree = "<group>"; };
		A2B2B8AA1F26055D00DC08F5 /* Info.plist */ = {isa = PBXFileReference; lastKnownFileType = text.plist.xml; path = Info.plist; sourceTree = "<group>"; };
		A2B2B8AF1F26055D00DC08F5 /* PushRemoteNotificationUITests.xctest */ = {isa = PBXFileReference; explicitFileType = wrapper.cfbundle; includeInIndex = 0; path = PushRemoteNotificationUITests.xctest; sourceTree = BUILT_PRODUCTS_DIR; };
		A2B2B8B31F26055D00DC08F5 /* PushRemoteNotificationUITests.swift */ = {isa = PBXFileReference; lastKnownFileType = sourcecode.swift; path = PushRemoteNotificationUITests.swift; sourceTree = "<group>"; };
		A2B2B8B51F26055D00DC08F5 /* Info.plist */ = {isa = PBXFileReference; lastKnownFileType = text.plist.xml; path = Info.plist; sourceTree = "<group>"; };
/* End PBXFileReference section */

/* Begin PBXFrameworksBuildPhase section */
		A2B2B88D1F26055C00DC08F5 /* Frameworks */ = {
			isa = PBXFrameworksBuildPhase;
			buildActionMask = 2147483647;
			files = (
			);
			runOnlyForDeploymentPostprocessing = 0;
		};
		A2B2B8A11F26055D00DC08F5 /* Frameworks */ = {
			isa = PBXFrameworksBuildPhase;
			buildActionMask = 2147483647;
			files = (
			);
			runOnlyForDeploymentPostprocessing = 0;
		};
		A2B2B8AC1F26055D00DC08F5 /* Frameworks */ = {
			isa = PBXFrameworksBuildPhase;
			buildActionMask = 2147483647;
			files = (
			);
			runOnlyForDeploymentPostprocessing = 0;
		};
/* End PBXFrameworksBuildPhase section */

/* Begin PBXGroup section */
		A2B2B8871F26055B00DC08F5 = {
			isa = PBXGroup;
			children = (
				A2B2B8921F26055C00DC08F5 /* PushRemoteNotification */,
				A2B2B8A71F26055D00DC08F5 /* PushRemoteNotificationTests */,
				A2B2B8B21F26055D00DC08F5 /* PushRemoteNotificationUITests */,
				A2B2B8911F26055C00DC08F5 /* Products */,
			);
			sourceTree = "<group>";
		};
		A2B2B8911F26055C00DC08F5 /* Products */ = {
			isa = PBXGroup;
			children = (
				A2B2B8901F26055C00DC08F5 /* PushRemoteNotification.app */,
				A2B2B8A41F26055D00DC08F5 /* PushRemoteNotificationTests.xctest */,
				A2B2B8AF1F26055D00DC08F5 /* PushRemoteNotificationUITests.xctest */,
			);
			name = Products;
			sourceTree = "<group>";
		};
		A2B2B8921F26055C00DC08F5 /* PushRemoteNotification */ = {
			isa = PBXGroup;
			children = (
				A2B2B8931F26055C00DC08F5 /* AppDelegate.swift */,
				A2B2B8951F26055C00DC08F5 /* ViewController.swift */,
				A2B2B8971F26055C00DC08F5 /* Main.storyboard */,
				A2B2B89A1F26055C00DC08F5 /* Assets.xcassets */,
				A2B2B89C1F26055D00DC08F5 /* LaunchScreen.storyboard */,
				A2B2B89F1F26055D00DC08F5 /* Info.plist */,
			);
			path = PushRemoteNotification;
			sourceTree = "<group>";
		};
		A2B2B8A71F26055D00DC08F5 /* PushRemoteNotificationTests */ = {
			isa = PBXGroup;
			children = (
				A2B2B8A81F26055D00DC08F5 /* PushRemoteNotificationTests.swift */,
				A2B2B8AA1F26055D00DC08F5 /* Info.plist */,
			);
			path = PushRemoteNotificationTests;
			sourceTree = "<group>";
		};
		A2B2B8B21F26055D00DC08F5 /* PushRemoteNotificationUITests */ = {
			isa = PBXGroup;
			children = (
				A2B2B8B31F26055D00DC08F5 /* PushRemoteNotificationUITests.swift */,
				A2B2B8B51F26055D00DC08F5 /* Info.plist */,
			);
			path = PushRemoteNotificationUITests;
			sourceTree = "<group>";
		};
/* End PBXGroup section */

/* Begin PBXNativeTarget section */
		A2B2B88F1F26055C00DC08F5 /* PushRemoteNotification */ = {
			isa = PBXNativeTarget;
			buildConfigurationList = A2B2B8B81F26055D00DC08F5 /* Build configuration list for PBXNativeTarget "PushRemoteNotification" */;
			buildPhases = (
				A2B2B88C1F26055C00DC08F5 /* Sources */,
				A2B2B88D1F26055C00DC08F5 /* Frameworks */,
				A2B2B88E1F26055C00DC08F5 /* Resources */,
			);
			buildRules = (
			);
			dependencies = (
			);
			name = PushRemoteNotification;
			productName = PushRemoteNotification;
			productReference = A2B2B8901F26055C00DC08F5 /* PushRemoteNotification.app */;
			productType = "com.apple.product-type.application";
		};
		A2B2B8A31F26055D00DC08F5 /* PushRemoteNotificationTests */ = {
			isa = PBXNativeTarget;
			buildConfigurationList = A2B2B8BB1F26055D00DC08F5 /* Build configuration list for PBXNativeTarget "PushRemoteNotificationTests" */;
			buildPhases = (
				A2B2B8A01F26055D00DC08F5 /* Sources */,
				A2B2B8A11F26055D00DC08F5 /* Frameworks */,
				A2B2B8A21F26055D00DC08F5 /* Resources */,
			);
			buildRules = (
			);
			dependencies = (
				A2B2B8A61F26055D00DC08F5 /* PBXTargetDependency */,
			);
			name = PushRemoteNotificationTests;
			productName = PushRemoteNotificationTests;
			productReference = A2B2B8A41F26055D00DC08F5 /* PushRemoteNotificationTests.xctest */;
			productType = "com.apple.product-type.bundle.unit-test";
		};
		A2B2B8AE1F26055D00DC08F5 /* PushRemoteNotificationUITests */ = {
			isa = PBXNativeTarget;
			buildConfigurationList = A2B2B8BE1F26055D00DC08F5 /* Build configuration list for PBXNativeTarget "PushRemoteNotificationUITests" */;
			buildPhases = (
				A2B2B8AB1F26055D00DC08F5 /* Sources */,
				A2B2B8AC1F26055D00DC08F5 /* Frameworks */,
				A2B2B8AD1F26055D00DC08F5 /* Resources */,
			);
			buildRules = (
			);
			dependencies = (
				A2B2B8B11F26055D00DC08F5 /* PBXTargetDependency */,
			);
			name = PushRemoteNotificationUITests;
			productName = PushRemoteNotificationUITests;
			productReference = A2B2B8AF1F26055D00DC08F5 /* PushRemoteNotificationUITests.xctest */;
			productType = "com.apple.product-type.bundle.ui-testing";
		};
/* End PBXNativeTarget section */

/* Begin PBXProject section */
		A2B2B8881F26055C00DC08F5 /* Project object */ = {
			isa = PBXProject;
			attributes = {
				LastSwiftUpdateCheck = 0800;
				LastUpgradeCheck = 0800;
				ORGANIZATIONNAME = NetConnect;
				TargetAttributes = {
					A2B2B88F1F26055C00DC08F5 = {
						CreatedOnToolsVersion = 8.0;
						ProvisioningStyle = Automatic;
					};
					A2B2B8A31F26055D00DC08F5 = {
						CreatedOnToolsVersion = 8.0;
						ProvisioningStyle = Automatic;
						TestTargetID = A2B2B88F1F26055C00DC08F5;
					};
					A2B2B8AE1F26055D00DC08F5 = {
						CreatedOnToolsVersion = 8.0;
						ProvisioningStyle = Automatic;
						TestTargetID = A2B2B88F1F26055C00DC08F5;
					};
				};
			};
			buildConfigurationList = A2B2B88B1F26055C00DC08F5 /* Build configuration list for PBXProject "PushRemoteNotification" */;
			compatibilityVersion = "Xcode 3.2";
			developmentRegion = English;
			hasScannedForEncodings = 0;
			knownRegions = (
				en,
				Base,
			);
			mainGroup = A2B2B8871F26055B00DC08F5;
			productRefGroup = A2B2B8911F26055C00DC08F5 /* Products */;
			projectDirPath = "";
			projectRoot = "";
			targets = (
				A2B2B88F1F26055C00DC08F5 /* PushRemoteNotification */,
				A2B2B8A31F26055D00DC08F5 /* PushRemoteNotificationTests */,
				A2B2B8AE1F26055D00DC08F5 /* PushRemoteNotificationUITests */,
			);
		};
/* End PBXProject section */

/* Begin PBXResourcesBuildPhase section */
		A2B2B88E1F26055C00DC08F5 /* Resources */ = {
			isa = PBXResourcesBuildPhase;
			buildActionMask = 2147483647;
			files = (
				A2B2B89E1F26055D00DC08F5 /* LaunchScreen.storyboard in Resources */,
				A2B2B89B1F26055C00DC08F5 /* Assets.xcassets in Resources */,
				A2B2B8991F26055C00DC08F5 /* Main.storyboard in Resources */,
			);
			runOnlyForDeploymentPostprocessing = 0;
		};
		A2B2B8A21F26055D00DC08F5 /* Resources */ = {
			isa = PBXResourcesBuildPhase;
			buildActionMask = 2147483647;
			files = (
			);
			runOnlyForDeploymentPostprocessing = 0;
		};
		A2B2B8AD1F26055D00DC08F5 /* Resources */ = {
			isa = PBXResourcesBuildPhase;
			buildActionMask = 2147483647;
			files = (
			);
			runOnlyForDeploymentPostprocessing = 0;
		};
/* End PBXResourcesBuildPhase section */

/* Begin PBXSourcesBuildPhase section */
		A2B2B88C1F26055C00DC08F5 /* Sources */ = {
			isa = PBXSourcesBuildPhase;
			buildActionMask = 2147483647;
			files = (
				A2B2B8961F26055C00DC08F5 /* ViewController.swift in Sources */,
				A2B2B8941F26055C00DC08F5 /* AppDelegate.swift in Sources */,
			);
			runOnlyForDeploymentPostprocessing = 0;
		};
		A2B2B8A01F26055D00DC08F5 /* Sources */ = {
			isa = PBXSourcesBuildPhase;
			buildActionMask = 2147483647;
			files = (
				A2B2B8A91F26055D00DC08F5 /* PushRemoteNotificationTests.swift in Sources */,
			);
			runOnlyForDeploymentPostprocessing = 0;
		};
		A2B2B8AB1F26055D00DC08F5 /* Sources */ = {
			isa = PBXSourcesBuildPhase;
			buildActionMask = 2147483647;
			files = (
				A2B2B8B41F26055D00DC08F5 /* PushRemoteNotificationUITests.swift in Sources */,
			);
			runOnlyForDeploymentPostprocessing = 0;
		};
/* End PBXSourcesBuildPhase section */

/* Begin PBXTargetDependency section */
		A2B2B8A61F26055D00DC08F5 /* PBXTargetDependency */ = {
			isa = PBXTargetDependency;
			target = A2B2B88F1F26055C00DC08F5 /* PushRemoteNotification */;
			targetProxy = A2B2B8A51F26055D00DC08F5 /* PBXContainerItemProxy */;
		};
		A2B2B8B11F26055D00DC08F5 /* PBXTargetDependency */ = {
			isa = PBXTargetDependency;
			target = A2B2B88F1F26055C00DC08F5 /* PushRemoteNotification */;
			targetProxy = A2B2B8B01F26055D00DC08F5 /* PBXContainerItemProxy */;
		};
/* End PBXTargetDependency section */

/* Begin PBXVariantGroup section */
		A2B2B8971F26055C00DC08F5 /* Main.storyboard */ = {
			isa = PBXVariantGroup;
			children = (
				A2B2B8981F26055C00DC08F5 /* Base */,
			);
			name = Main.storyboard;
			sourceTree = "<group>";
		};
		A2B2B89C1F26055D00DC08F5 /* LaunchScreen.storyboard */ = {
			isa = PBXVariantGroup;
			children = (
				A2B2B89D1F26055D00DC08F5 /* Base */,
			);
			name = LaunchScreen.storyboard;
			sourceTree = "<group>";
		};
/* End PBXVariantGroup section */

/* Begin XCBuildConfiguration section */
		A2B2B8B61F26055D00DC08F5 /* Debug */ = {
			isa = XCBuildConfiguration;
			buildSettings = {
				ALWAYS_SEARCH_USER_PATHS = NO;
				CLANG_ANALYZER_NONNULL = YES;
				CLANG_CXX_LANGUAGE_STANDARD = "gnu++0x";
				CLANG_CXX_LIBRARY = "libc++";
				CLANG_ENABLE_MODULES = YES;
				CLANG_ENABLE_OBJC_ARC = YES;
				CLANG_WARN_BOOL_CONVERSION = YES;
				CLANG_WARN_CONSTANT_CONVERSION = YES;
				CLANG_WARN_DIRECT_OBJC_ISA_USAGE = YES_ERROR;
				CLANG_WARN_DOCUMENTATION_COMMENTS = YES;
				CLANG_WARN_EMPTY_BODY = YES;
				CLANG_WARN_ENUM_CONVERSION = YES;
				CLANG_WARN_INFINITE_RECURSION = YES;
				CLANG_WARN_INT_CONVERSION = YES;
				CLANG_WARN_OBJC_ROOT_CLASS = YES_ERROR;
				CLANG_WARN_SUSPICIOUS_MOVES = YES;
				CLANG_WARN_UNREACHABLE_CODE = YES;
				CLANG_WARN__DUPLICATE_METHOD_MATCH = YES;
				"CODE_SIGN_IDENTITY[sdk=iphoneos*]" = "iPhone Developer";
				COPY_PHASE_STRIP = NO;
				DEBUG_INFORMATION_FORMAT = dwarf;
				ENABLE_STRICT_OBJC_MSGSEND = YES;
				ENABLE_TESTABILITY = YES;
				GCC_C_LANGUAGE_STANDARD = gnu99;
				GCC_DYNAMIC_NO_PIC = NO;
				GCC_NO_COMMON_BLOCKS = YES;
				GCC_OPTIMIZATION_LEVEL = 0;
				GCC_PREPROCESSOR_DEFINITIONS = (
					"DEBUG=1",
					"$(inherited)",
				);
				GCC_WARN_64_TO_32_BIT_CONVERSION = YES;
				GCC_WARN_ABOUT_RETURN_TYPE = YES_ERROR;
				GCC_WARN_UNDECLARED_SELECTOR = YES;
				GCC_WARN_UNINITIALIZED_AUTOS = YES_AGGRESSIVE;
				GCC_WARN_UNUSED_FUNCTION = YES;
				GCC_WARN_UNUSED_VARIABLE = YES;
				IPHONEOS_DEPLOYMENT_TARGET = 10.0;
				MTL_ENABLE_DEBUG_INFO = YES;
				ONLY_ACTIVE_ARCH = YES;
				SDKROOT = iphoneos;
				SWIFT_ACTIVE_COMPILATION_CONDITIONS = DEBUG;
				SWIFT_OPTIMIZATION_LEVEL = "-Onone";
			};
			name = Debug;
		};
		A2B2B8B71F26055D00DC08F5 /* Release */ = {
			isa = XCBuildConfiguration;
			buildSettings = {
				ALWAYS_SEARCH_USER_PATHS = NO;
				CLANG_ANALYZER_NONNULL = YES;
				CLANG_CXX_LANGUAGE_STANDARD = "gnu++0x";
				CLANG_CXX_LIBRARY = "libc++";
				CLANG_ENABLE_MODULES = YES;
				CLANG_ENABLE_OBJC_ARC = YES;
				CLANG_WARN_BOOL_CONVERSION = YES;
				CLANG_WARN_CONSTANT_CONVERSION = YES;
				CLANG_WARN_DIRECT_OBJC_ISA_USAGE = YES_ERROR;
				CLANG_WARN_DOCUMENTATION_COMMENTS = YES;
				CLANG_WARN_EMPTY_BODY = YES;
				CLANG_WARN_ENUM_CONVERSION = YES;
				CLANG_WARN_INFINITE_RECURSION = YES;
				CLANG_WARN_INT_CONVERSION = YES;
				CLANG_WARN_OBJC_ROOT_CLASS = YES_ERROR;
				CLANG_WARN_SUSPICIOUS_MOVES = YES;
				CLANG_WARN_UNREACHABLE_CODE = YES;
				CLANG_WARN__DUPLICATE_METHOD_MATCH = YES;
				"CODE_SIGN_IDENTITY[sdk=iphoneos*]" = "iPhone Developer";
				COPY_PHASE_STRIP = NO;
				DEBUG_INFORMATION_FORMAT = "dwarf-with-dsym";
				ENABLE_NS_ASSERTIONS = NO;
				ENABLE_STRICT_OBJC_MSGSEND = YES;
				GCC_C_LANGUAGE_STANDARD = gnu99;
				GCC_NO_COMMON_BLOCKS = YES;
				GCC_WARN_64_TO_32_BIT_CONVERSION = YES;
				GCC_WARN_ABOUT_RETURN_TYPE = YES_ERROR;
				GCC_WARN_UNDECLARED_SELECTOR = YES;
				GCC_WARN_UNINITIALIZED_AUTOS = YES_AGGRESSIVE;
				GCC_WARN_UNUSED_FUNCTION = YES;
				GCC_WARN_UNUSED_VARIABLE = YES;
				IPHONEOS_DEPLOYMENT_TARGET = 10.0;
				MTL_ENABLE_DEBUG_INFO = NO;
				SDKROOT = iphoneos;
				SWIFT_OPTIMIZATION_LEVEL = "-Owholemodule";
				VALIDATE_PRODUCT = YES;
			};
			name = Release;
		};
		A2B2B8B91F26055D00DC08F5 /* Debug */ = {
			isa = XCBuildConfiguration;
			buildSettings = {
				ASSETCATALOG_COMPILER_APPICON_NAME = AppIcon;
				INFOPLIST_FILE = PushRemoteNotification/Info.plist;
				LD_RUNPATH_SEARCH_PATHS = "$(inherited) @executable_path/Frameworks";
				PRODUCT_BUNDLE_IDENTIFIER = com.NetConnect.PushRemoteNotification.PushRemoteNotification;
				PRODUCT_NAME = "$(TARGET_NAME)";
				SWIFT_VERSION = 3.0;
			};
			name = Debug;
		};
		A2B2B8BA1F26055D00DC08F5 /* Release */ = {
			isa = XCBuildConfiguration;
			buildSettings = {
				ASSETCATALOG_COMPILER_APPICON_NAME = AppIcon;
				INFOPLIST_FILE = PushRemoteNotification/Info.plist;
				LD_RUNPATH_SEARCH_PATHS = "$(inherited) @executable_path/Frameworks";
				PRODUCT_BUNDLE_IDENTIFIER = com.NetConnect.PushRemoteNotification.PushRemoteNotification;
				PRODUCT_NAME = "$(TARGET_NAME)";
				SWIFT_VERSION = 3.0;
			};
			name = Release;
		};
		A2B2B8BC1F26055D00DC08F5 /* Debug */ = {
			isa = XCBuildConfiguration;
			buildSettings = {
				ALWAYS_EMBED_SWIFT_STANDARD_LIBRARIES = YES;
				BUNDLE_LOADER = "$(TEST_HOST)";
				INFOPLIST_FILE = PushRemoteNotificationTests/Info.plist;
				LD_RUNPATH_SEARCH_PATHS = "$(inherited) @executable_path/Frameworks @loader_path/Frameworks";
				PRODUCT_BUNDLE_IDENTIFIER = com.NetConnect.PushRemoteNotification.PushRemoteNotificationTests;
				PRODUCT_NAME = "$(TARGET_NAME)";
				SWIFT_VERSION = 3.0;
				TEST_HOST = "$(BUILT_PRODUCTS_DIR)/PushRemoteNotification.app/PushRemoteNotification";
			};
			name = Debug;
		};
		A2B2B8BD1F26055D00DC08F5 /* Release */ = {
			isa = XCBuildConfiguration;
			buildSettings = {
				ALWAYS_EMBED_SWIFT_STANDARD_LIBRARIES = YES;
				BUNDLE_LOADER = "$(TEST_HOST)";
				INFOPLIST_FILE = PushRemoteNotificationTests/Info.plist;
				LD_RUNPATH_SEARCH_PATHS = "$(inherited) @executable_path/Frameworks @loader_path/Frameworks";
				PRODUCT_BUNDLE_IDENTIFIER = com.NetConnect.PushRemoteNotification.PushRemoteNotificationTests;
				PRODUCT_NAME = "$(TARGET_NAME)";
				SWIFT_VERSION = 3.0;
				TEST_HOST = "$(BUILT_PRODUCTS_DIR)/PushRemoteNotification.app/PushRemoteNotification";
			};
			name = Release;
		};
		A2B2B8BF1F26055D00DC08F5 /* Debug */ = {
			isa = XCBuildConfiguration;
			buildSettings = {
				ALWAYS_EMBED_SWIFT_STANDARD_LIBRARIES = YES;
				INFOPLIST_FILE = PushRemoteNotificationUITests/Info.plist;
				LD_RUNPATH_SEARCH_PATHS = "$(inherited) @executable_path/Frameworks @loader_path/Frameworks";
				PRODUCT_BUNDLE_IDENTIFIER = com.NetConnect.PushRemoteNotification.PushRemoteNotificationUITests;
				PRODUCT_NAME = "$(TARGET_NAME)";
				SWIFT_VERSION = 3.0;
				TEST_TARGET_NAME = PushRemoteNotification;
			};
			name = Debug;
		};
		A2B2B8C01F26055D00DC08F5 /* Release */ = {
			isa = XCBuildConfiguration;
			buildSettings = {
				ALWAYS_EMBED_SWIFT_STANDARD_LIBRARIES = YES;
				INFOPLIST_FILE = PushRemoteNotificationUITests/Info.plist;
				LD_RUNPATH_SEARCH_PATHS = "$(inherited) @executable_path/Frameworks @loader_path/Frameworks";
				PRODUCT_BUNDLE_IDENTIFIER = com.NetConnect.PushRemoteNotification.PushRemoteNotificationUITests;
				PRODUCT_NAME = "$(TARGET_NAME)";
				SWIFT_VERSION = 3.0;
				TEST_TARGET_NAME = PushRemoteNotification;
			};
			name = Release;
		};
/* End XCBuildConfiguration section */

/* Begin XCConfigurationList section */
		A2B2B88B1F26055C00DC08F5 /* Build configuration list for PBXProject "PushRemoteNotification" */ = {
			isa = XCConfigurationList;
			buildConfigurations = (
				A2B2B8B61F26055D00DC08F5 /* Debug */,
				A2B2B8B71F26055D00DC08F5 /* Release */,
			);
			defaultConfigurationIsVisible = 0;
			defaultConfigurationName = Release;
		};
		A2B2B8B81F26055D00DC08F5 /* Build configuration list for PBXNativeTarget "PushRemoteNotification" */ = {
			isa = XCConfigurationList;
			buildConfigurations = (
				A2B2B8B91F26055D00DC08F5 /* Debug */,
				A2B2B8BA1F26055D00DC08F5 /* Release */,
			);
			defaultConfigurationIsVisible = 0;
		};
		A2B2B8BB1F26055D00DC08F5 /* Build configuration list for PBXNativeTarget "PushRemoteNotificationTests" */ = {
			isa = XCConfigurationList;
			buildConfigurations = (
				A2B2B8BC1F26055D00DC08F5 /* Debug */,
				A2B2B8BD1F26055D00DC08F5 /* Release */,
			);
			defaultConfigurationIsVisible = 0;
		};
		A2B2B8BE1F26055D00DC08F5 /* Build configuration list for PBXNativeTarget "PushRemoteNotificationUITests" */ = {
			isa = XCConfigurationList;
			buildConfigurations = (
				A2B2B8BF1F26055D00DC08F5 /* Debug */,
				A2B2B8C01F26055D00DC08F5 /* Release */,
			);
			defaultConfigurationIsVisible = 0;
		};
/* End XCConfigurationList section */
	};
	rootObject = A2B2B8881F26055C00DC08F5 /* Project object */;
}
